version = 1
revision = 3
requires-python = ">=3.12"

[[package]]
name = "clic"
version = "0"
source = { virtual = "." }

[package.dev-dependencies]
lint = [
    { name = "tclint" },
]

[package.metadata]

[package.metadata.requires-dev]
lint = [{ name = "tclint", specifier = "==0.4.2" }]

[[package]]
name = "contextlib2"
version = "21.6.0"
source = { registry = "https://pypi.org/simple" }
sdist = { url = "https://files.pythonhosted.org/packages/c7/13/37ea7805ae3057992e96ecb1cffa2fa35c2ef4498543b846f90dd2348d8f/contextlib2-21.6.0.tar.gz", hash = "sha256:ab1e2bfe1d01d968e1b7e8d9023bc51ef3509bba217bb730cee3827e1ee82869", size = 43795, upload-time = "2021-06-27T06:54:40.841Z" }
wheels = [
    { url = "https://files.pythonhosted.org/packages/76/56/6d6872f79d14c0cb02f1646cbb4592eef935857c0951a105874b7b62a0c3/contextlib2-21.6.0-py2.py3-none-any.whl", hash = "sha256:3fbdb64466afd23abaf6c977627b75b6139a5a3e8ce38405c5b413aed7a0471f", size = 13277, upload-time = "2021-06-27T06:54:20.972Z" },
]

[[package]]
name = "importlib-metadata"
version = "6.8.0"
source = { registry = "https://pypi.org/simple" }
dependencies = [
    { name = "zipp" },
]
sdist = { url = "https://files.pythonhosted.org/packages/33/44/ae06b446b8d8263d712a211e959212083a5eda2bf36d57ca7415e03f6f36/importlib_metadata-6.8.0.tar.gz", hash = "sha256:dbace7892d8c0c4ac1ad096662232f831d4e64f4c4545bd53016a3e9d4654743", size = 53494, upload-time = "2023-07-07T16:16:03.091Z" }
wheels = [
    { url = "https://files.pythonhosted.org/packages/cc/37/db7ba97e676af155f5fcb1a35466f446eadc9104e25b83366e8088c9c926/importlib_metadata-6.8.0-py3-none-any.whl", hash = "sha256:3ebb78df84a805d7698245025b975d9d67053cd94c79245ba4b3eb694abe68bb", size = 22933, upload-time = "2023-07-07T16:16:01.381Z" },
]

[[package]]
name = "pathspec"
version = "0.11.2"
source = { registry = "https://pypi.org/simple" }
sdist = { url = "https://files.pythonhosted.org/packages/a0/2a/bd167cdf116d4f3539caaa4c332752aac0b3a0cc0174cdb302ee68933e81/pathspec-0.11.2.tar.gz", hash = "sha256:e0d8d0ac2f12da61956eb2306b69f9469b42f4deb0f3cb6ed47b9cce9996ced3", size = 47032, upload-time = "2023-07-29T01:05:04.481Z" }
wheels = [
    { url = "https://files.pythonhosted.org/packages/b4/2a/9b1be29146139ef459188f5e420a66e835dda921208db600b7037093891f/pathspec-0.11.2-py3-none-any.whl", hash = "sha256:1d6ed233af05e679efb96b1851550ea95bbb64b7c490b0f5aa52996c11e92a20", size = 29603, upload-time = "2023-07-29T01:05:02.656Z" },
]

[[package]]
name = "ply"
version = "3.11"
source = { registry = "https://pypi.org/simple" }
sdist = { url = "https://files.pythonhosted.org/packages/e5/69/882ee5c9d017149285cab114ebeab373308ef0f874fcdac9beb90e0ac4da/ply-3.11.tar.gz", hash = "sha256:00c7c1aaa88358b9c765b6d3000c6eec0ba42abca5351b095321aef446081da3", size = 159130, upload-time = "2018-02-15T19:01:31.097Z" }
wheels = [
    { url = "https://files.pythonhosted.org/packages/a3/58/35da89ee790598a0700ea49b2a66594140f44dec458c07e8e3d4979137fc/ply-3.11-py2.py3-none-any.whl", hash = "sha256:096f9b8350b65ebd2fd1346b12452efe5b9607f7482813ffca50c22722a807ce", size = 49567, upload-time = "2018-02-15T19:01:27.172Z" },
]

[[package]]
name = "schema"
version = "0.7.5"
source = { registry = "https://pypi.org/simple" }
dependencies = [
    { name = "contextlib2" },
]
sdist = { url = "https://files.pythonhosted.org/packages/4e/e8/01e1b46d9e04cdaee91c9c736d9117304df53361a191144c8eccda7f0ee9/schema-0.7.5.tar.gz", hash = "sha256:f06717112c61895cabc4707752b88716e8420a8819d71404501e114f91043197", size = 48173, upload-time = "2021-12-01T20:49:24.038Z" }
wheels = [
    { url = "https://files.pythonhosted.org/packages/0d/93/ca8aa5a772efd69043d0a745172d92bee027caa7565c7f774a2f44b91207/schema-0.7.5-py2.py3-none-any.whl", hash = "sha256:f3ffdeeada09ec34bf40d7d79996d9f7175db93b7a5065de0faa7f41083c1e6c", size = 17603, upload-time = "2021-12-01T20:49:21.252Z" },
]

[[package]]
name = "tclint"
version = "0.4.2"
source = { registry = "https://pypi.org/simple" }
dependencies = [
    { name = "importlib-metadata" },
    { name = "pathspec" },
    { name = "ply" },
    { name = "schema" },
]
sdist = { url = "https://files.pythonhosted.org/packages/c0/88/1c7a191cd487f73ead49f447ec7963866ef093e47382d51cc54b60e89c6d/tclint-0.4.2.tar.gz", hash = "sha256:27dc43f6804a560f0813bd0bca3b617369f9909e9db8d609906660b367ef1583", size = 70559, upload-time = "2024-10-08T02:45:28.603Z" }
wheels = [
    { url = "https://files.pythonhosted.org/packages/cc/b5/51832e9a286e65a17a4846ab4d634a6eee44692874cf298bf82c807e5495/tclint-0.4.2-py3-none-any.whl", hash = "sha256:9be008df348ad9558e07f21bc02e3b385be4444c448f4aed982ef6be40698309", size = 52481, upload-time = "2024-10-08T02:45:27.508Z" },
]

[[package]]
name = "zipp"
version = "4.1.0"
source = { registry = "https://pypi.org/simple" }
sdist = { url = "https://files.pythonhosted.org/packages/b9/d8/eab98a517c14134c0b2eb4e2387bc5f457334293ec5d2dd3857ec2966802/zipp-4.1.0.tar.gz", hash = "sha256:4cb57381f544315db7688e976e922a2b18cdb513d21cc194eb42232ba2a3e602", size = 26214, upload-time = "2026-05-18T20:08:57.967Z" }
wheels = [
    { url = "https://files.pythonhosted.org/packages/3a/13/547360d81e6d88d58492968ffda9f9542854f11310ee556fef14260cc886/zipp-4.1.0-py3-none-any.whl", hash = "sha256:25ad4e16390cd314347dd8f1de67a2ac538ae658ed4ab9db16029c07c188e97f", size = 10238, upload-time = "2026-05-18T20:08:57.045Z" },
]
